// !$*UTF8*$!
{
	archiveVersion = 1;
	classes = {
	};
	objectVersion = 46;
	objects = {

/* Begin PBXBuildFile section */
		AF618DC51E75B288008FA127 /* WYXMainViewController.m in Sources */ = {isa = PBXBuildFile; fileRef = AF618DC41E75B288008FA127 /* WYXMainViewController.m */; };
		AFECB3651E745F1C00B99DB7 /* main.m in Sources */ = {isa = PBXBuildFile; fileRef = AFECB3641E745F1C00B99DB7 /* main.m */; };
		AFECB3681E745F1C00B99DB7 /* AppDelegate.m in Sources */ = {isa = PBXBuildFile; fileRef = AFECB3671E745F1C00B99DB7 /* AppDelegate.m */; };
		AFECB3701E745F1C00B99DB7 /* Assets.xcassets in Resources */ = {isa = PBXBuildFile; fileRef = AFECB36F1E745F1C00B99DB7 /* Assets.xcassets */; };
		AFECB3731E745F1C00B99DB7 /* LaunchScreen.storyboard in Resources */ = {isa = PBXBuildFile; fileRef = AFECB3711E745F1C00B99DB7 /* LaunchScreen.storyboard */; };
/* End PBXBuildFile section */

/* Begin PBXFileReference section */
		AF618DC31E75B288008FA127 /* WYXMainViewController.h */ = {isa = PBXFileReference; fileEncoding = 4; lastKnownFileType = sourcecode.c.h; path = WYXMainViewController.h; sourceTree = "<group>"; };
		AF618DC41E75B288008FA127 /* WYXMainViewController.m */ = {isa = PBXFileReference; fileEncoding = 4; lastKnownFileType = sourcecode.c.objc; path = WYXMainViewController.m; sourceTree = "<group>"; };
		AFECB3601E745F1C00B99DB7 /* Nozic.app */ = {isa = PBXFileReference; explicitFileType = wrapper.application; includeInIndex = 0; path = Nozic.app; sourceTree = BUILT_PRODUCTS_DIR; };
		AFECB3641E745F1C00B99DB7 /* main.m */ = {isa = PBXFileReference; lastKnownFileType = sourcecode.c.objc; path = main.m; sourceTree = "<group>"; };
		AFECB3661E745F1C00B99DB7 /* AppDelegate.h */ = {isa = PBXFileReference; lastKnownFileType = sourcecode.c.h; path = AppDelegate.h; sourceTree = "<group>"; };
		AFECB3671E745F1C00B99DB7 /* AppDelegate.m */ = {isa = PBXFileReference; lastKnownFileType = sourcecode.c.objc; path = AppDelegate.m; sourceTree = "<group>"; };
		AFECB36F1E745F1C00B99DB7 /* Assets.xcassets */ = {isa = PBXFileReference; lastKnownFileType = folder.assetcatalog; path = Assets.xcassets; sourceTree = "<group>"; };
		AFECB3721E745F1C00B99DB7 /* Base */ = {isa = PBXFileReference; lastKnownFileType = file.storyboard; name = Base; path = Base.lproj/LaunchScreen.storyboard; sourceTree = "<group>"; };
		AFECB3741E745F1C00B99DB7 /* Info.plist */ = {isa = PBXFileReference; lastKnownFileType = text.plist.xml; path = Info.plist; sourceTree = "<group>"; };
/* End PBXFileReference section */

/* Begin PBXFrameworksBuildPhase section */
		AFECB35D1E745F1B00B99DB7 /* Frameworks */ = {
			isa = PBXFrameworksBuildPhase;
			buildActionMask = 2147483647;
			files = (
			);
			runOnlyForDeploymentPostprocessing = 0;
		};
/* End PBXFrameworksBuildPhase section */

/* Begin PBXGroup section */
		AFECB3571E745F1B00B99DB7 = {
			isa = PBXGroup;
			children = (
				AFECB3621E745F1C00B99DB7 /* Nozic */,
				AFECB3611E745F1C00B99DB7 /* Products */,
			);
			sourceTree = "<group>";
		};
		AFECB3611E745F1C00B99DB7 /* Products */ = {
			isa = PBXGroup;
			children = (
				AFECB3601E745F1C00B99DB7 /* Nozic.app */,
			);
			name = Products;
			sourceTree = "<group>";
		};
		AFECB3621E745F1C00B99DB7 /* Nozic */ = {
			isa = PBXGroup;
			children = (
				AFECB3661E745F1C00B99DB7 /* AppDelegate.h */,
				AFECB3671E745F1C00B99DB7 /* AppDelegate.m */,
				AF618DC31E75B288008FA127 /* WYXMainViewController.h */,
				AF618DC41E75B288008FA127 /* WYXMainViewController.m */,
				AFECB36F1E745F1C00B99DB7 /* Assets.xcassets */,
				AFECB3711E745F1C00B99DB7 /* LaunchScreen.storyboard */,
				AFECB3741E745F1C00B99DB7 /* Info.plist */,
				AFECB3631E745F1C00B99DB7 /* Supporting Files */,
			);
			path = Nozic;
			sourceTree = "<group>";
		};
		AFECB3631E745F1C00B99DB7 /* Supporting Files */ = {
			isa = PBXGroup;
			children = (
				AFECB3641E745F1C00B99DB7 /* main.m */,
			);
			name = "Supporting Files";
			sourceTree = "<group>";
		};
/* End PBXGroup section */

/* Begin PBXNativeTarget section */
		AFECB35F1E745F1B00B99DB7 /* Nozic */ = {
			isa = PBXNativeTarget;
			buildConfigurationList = AFECB3771E745F1C00B99DB7 /* Build configuration list for PBXNativeTarget "Nozic" */;
			buildPhases = (
				AFECB35C1E745F1B00B99DB7 /* Sources */,
				AFECB35D1E745F1B00B99DB7 /* Frameworks */,
				AFECB35E1E745F1B00B99DB7 /* Resources */,
			);
			buildRules = (
			);
			dependencies = (
			);
			name = Nozic;
			productName = Nozic;
			productReference = AFECB3601E745F1C00B99DB7 /* Nozic.app */;
			productType = "com.apple.product-type.application";
		};
/* End PBXNativeTarget section */

/* Begin PBXProject section */
		AFECB3581E745F1B00B99DB7 /* Project object */ = {
			isa = PBXProject;
			attributes = {
				CLASSPREFIX = WYX;
				LastUpgradeCheck = 0820;
				ORGANIZATIONNAME = com.LittleTroy;
				TargetAttributes = {
					AFECB35F1E745F1B00B99DB7 = {
						CreatedOnToolsVersion = 8.2.1;
						DevelopmentTeam = N244LJ89FV;
						ProvisioningStyle = Automatic;
					};
				};
			};
			buildConfigurationList = AFECB35B1E745F1B00B99DB7 /* Build configuration list for PBXProject "Nozic" */;
			compatibilityVersion = "Xcode 3.2";
			developmentRegion = English;
			hasScannedForEncodings = 0;
			knownRegions = (
				en,
				Base,
			);
			mainGroup = AFECB3571E745F1B00B99DB7;
			productRefGroup = AFECB3611E745F1C00B99DB7 /* Products */;
			projectDirPath = "";
			projectRoot = "";
			targets = (
				AFECB35F1E745F1B00B99DB7 /* Nozic */,
			);
		};
/* End PBXProject section */

/* Begin PBXResourcesBuildPhase section */
		AFECB35E1E745F1B00B99DB7 /* Resources */ = {
			isa = PBXResourcesBuildPhase;
			buildActionMask = 2147483647;
			files = (
				AFECB3731E745F1C00B99DB7 /* LaunchScreen.storyboard in Resources */,
				AFECB3701E745F1C00B99DB7 /* Assets.xcassets in Resources */,
			);
			runOnlyForDeploymentPostprocessing = 0;
		};
/* End PBXResourcesBuildPhase section */

/* Begin PBXSourcesBuildPhase section */
		AFECB35C1E745F1B00B99DB7 /* Sources */ = {
			isa = PBXSourcesBuildPhase;
			buildActionMask = 2147483647;
			files = (
				AFECB3681E745F1C00B99DB7 /* AppDelegate.m in Sources */,
				AFECB3651E745F1C00B99DB7 /* main.m in Sources */,
				AF618DC51E75B288008FA127 /* WYXMainViewController.m in Sources */,
			);
			runOnlyForDeploymentPostprocessing = 0;
		};
/* End PBXSourcesBuildPhase section */

/* Begin PBXVariantGroup section */
		AFECB3711E745F1C00B99DB7 /* LaunchScreen.storyboard */ = {
			isa = PBXVariantGroup;
			children = (
				AFECB3721E745F1C00B99DB7 /* Base */,
			);
			name = LaunchScreen.storyboard;
			sourceTree = "<group>";
		};
/* End PBXVariantGroup section */

/* Begin XCBuildConfiguration section */
		AFECB3751E745F1C00B99DB7 /* Debug */ = {
			isa = XCBuildConfiguration;
			buildSettings = {
				ALWAYS_SEARCH_USER_PATHS = NO;
				CLANG_ANALYZER_NONNULL = YES;
				CLANG_CXX_LANGUAGE_STANDARD = "gnu++0x";
				CLANG_CXX_LIBRARY = "libc++";
				CLANG_ENABLE_MODULES = YES;
				CLANG_ENABLE_OBJC_ARC = YES;
				CLANG_WARN_BOOL_CONVERSION = YES;
				CLANG_WARN_CONSTANT_CONVERSION = YES;
				CLANG_WARN_DIRECT_OBJC_ISA_USAGE = YES_ERROR;
				CLANG_WARN_DOCUMENTATION_COMMENTS = YES;
				CLANG_WARN_EMPTY_BODY = YES;
				CLANG_WARN_ENUM_CONVERSION = YES;
				CLANG_WARN_INFINITE_RECURSION = YES;
				CLANG_WARN_INT_CONVERSION = YES;
				CLANG_WARN_OBJC_ROOT_CLASS = YES_ERROR;
				CLANG_WARN_SUSPICIOUS_MOVE = YES;
				CLANG_WARN_UNREACHABLE_CODE = YES;
				CLANG_WARN__DUPLICATE_METHOD_MATCH = YES;
				"CODE_SIGN_IDENTITY[sdk=iphoneos*]" = "iPhone Developer";
				COPY_PHASE_STRIP = NO;
				DEBUG_INFORMATION_FORMAT = dwarf;
				ENABLE_STRICT_OBJC_MSGSEND = YES;
				ENABLE_TESTABILITY = YES;
				GCC_C_LANGUAGE_STANDARD = gnu99;
				GCC_DYNAMIC_NO_PIC = NO;
				GCC_NO_COMMON_BLOCKS = YES;
				GCC_OPTIMIZATION_LEVEL = 0;
				GCC_PREPROCESSOR_DEFINITIONS = (
					"DEBUG=1",
					"$(inherited)",
				);
				GCC_WARN_64_TO_32_BIT_CONVERSION = YES;
				GCC_WARN_ABOUT_RETURN_TYPE = YES_ERROR;
				GCC_WARN_UNDECLARED_SELECTOR = YES;
				GCC_WARN_UNINITIALIZED_AUTOS = YES_AGGRESSIVE;
				GCC_WARN_UNUSED_FUNCTION = YES;
				GCC_WARN_UNUSED_VARIABLE = YES;
				IPHONEOS_DEPLOYMENT_TARGET = 10.2;
				MTL_ENABLE_DEBUG_INFO = YES;
				ONLY_ACTIVE_ARCH = YES;
				SDKROOT = iphoneos;
			};
			name = Debug;
		};
		AFECB3761E745F1C00B99DB7 /* Release */ = {
			isa = XCBuildConfiguration;
			buildSettings = {
				ALWAYS_SEARCH_USER_PATHS = NO;
				CLANG_ANALYZER_NONNULL = YES;
				CLANG_CXX_LANGUAGE_STANDARD = "gnu++0x";
				CLANG_CXX_LIBRARY = "libc++";
				CLANG_ENABLE_MODULES = YES;
				CLANG_ENABLE_OBJC_ARC = YES;
				CLANG_WARN_BOOL_CONVERSION = YES;
				CLANG_WARN_CONSTANT_CONVERSION = YES;
				CLANG_WARN_DIRECT_OBJC_ISA_USAGE = YES_ERROR;
				CLANG_WARN_DOCUMENTATION_COMMENTS = YES;
				CLANG_WARN_EMPTY_BODY = YES;
				CLANG_WARN_ENUM_CONVERSION = YES;
				CLANG_WARN_INFINITE_RECURSION = YES;
				CLANG_WARN_INT_CONVERSION = YES;
				CLANG_WARN_OBJC_ROOT_CLASS = YES_ERROR;
				CLANG_WARN_SUSPICIOUS_MOVE = YES;
				CLANG_WARN_UNREACHABLE_CODE = YES;
				CLANG_WARN__DUPLICATE_METHOD_MATCH = YES;
				"CODE_SIGN_IDENTITY[sdk=iphoneos*]" = "iPhone Developer";
				COPY_PHASE_STRIP = NO;
				DEBUG_INFORMATION_FORMAT = "dwarf-with-dsym";
				ENABLE_NS_ASSERTIONS = NO;
				ENABLE_STRICT_OBJC_MSGSEND = YES;
				GCC_C_LANGUAGE_STANDARD = gnu99;
				GCC_NO_COMMON_BLOCKS = YES;
				GCC_WARN_64_TO_32_BIT_CONVERSION = YES;
				GCC_WARN_ABOUT_RETURN_TYPE = YES_ERROR;
				GCC_WARN_UNDECLARED_SELECTOR = YES;
				GCC_WARN_UNINITIALIZED_AUTOS = YES_AGGRESSIVE;
				GCC_WARN_UNUSED_FUNCTION = YES;
				GCC_WARN_UNUSED_VARIABLE = YES;
				IPHONEOS_DEPLOYMENT_TARGET = 10.2;
				MTL_ENABLE_DEBUG_INFO = NO;
				SDKROOT = iphoneos;
				VALIDATE_PRODUCT = YES;
			};
			name = Release;
		};
		AFECB3781E745F1C00B99DB7 /* Debug */ = {
			isa = XCBuildConfiguration;
			buildSettings = {
				ASSETCATALOG_COMPILER_APPICON_NAME = AppIcon;
				DEVELOPMENT_TEAM = N244LJ89FV;
				INFOPLIST_FILE = Nozic/Info.plist;
				IPHONEOS_DEPLOYMENT_TARGET = 8.0;
				LD_RUNPATH_SEARCH_PATHS = "$(inherited) @executable_path/Frameworks";
				PRODUCT_BUNDLE_IDENTIFIER = com.LittleTroy.Nozic;
				PRODUCT_NAME = "$(TARGET_NAME)";
			};
			name = Debug;
		};
		AFECB3791E745F1C00B99DB7 /* Release */ = {
			isa = XCBuildConfiguration;
			buildSettings = {
				ASSETCATALOG_COMPILER_APPICON_NAME = AppIcon;
				DEVELOPMENT_TEAM = N244LJ89FV;
				INFOPLIST_FILE = Nozic/Info.plist;
				IPHONEOS_DEPLOYMENT_TARGET = 8.0;
				LD_RUNPATH_SEARCH_PATHS = "$(inherited) @executable_path/Frameworks";
				PRODUCT_BUNDLE_IDENTIFIER = com.LittleTroy.Nozic;
				PRODUCT_NAME = "$(TARGET_NAME)";
			};
			name = Release;
		};
/* End XCBuildConfiguration section */

/* Begin XCConfigurationList section */
		AFECB35B1E745F1B00B99DB7 /* Build configuration list for PBXProject "Nozic" */ = {
			isa = XCConfigurationList;
			buildConfigurations = (
				AFECB3751E745F1C00B99DB7 /* Debug */,
				AFECB3761E745F1C00B99DB7 /* Release */,
			);
			defaultConfigurationIsVisible = 0;
			defaultConfigurationName = Release;
		};
		AFECB3771E745F1C00B99DB7 /* Build configuration list for PBXNativeTarget "Nozic" */ = {
			isa = XCConfigurationList;
			buildConfigurations = (
				AFECB3781E745F1C00B99DB7 /* Debug */,
				AFECB3791E745F1C00B99DB7 /* Release */,
			);
			defaultConfigurationIsVisible = 0;
			defaultConfigurationName = Release;
		};
/* End XCConfigurationList section */
	};
	rootObject = AFECB3581E745F1B00B99DB7 /* Project object */;
}
